
Microsoft Visual Studio Solution File, Format Version 12.00
# Visual Studio 2015
Project("{FAE04EC0-301F-11D3-BF4B-00C04F79EFBC}") = "alpha-1.0_rc-0.1_backup.CSharp", "alpha-1.0_rc-0.1_backup.CSharp.csproj", "{E4CC7E6D-CA67-317D-7CB7-E72EB02025EF}"
EndProject
Global
	GlobalSection(SolutionConfigurationPlatforms) = preSolution
		Debug|Any CPU = Debug|Any CPU
		Release|Any CPU = Release|Any CPU
	EndGlobalSection
	GlobalSection(ProjectConfigurationPlatforms) = postSolution
		{E4CC7E6D-CA67-317D-7CB7-E72EB02025EF}.Debug|Any CPU.ActiveCfg = Debug|Any CPU
		{E4CC7E6D-CA67-317D-7CB7-E72EB02025EF}.Debug|Any CPU.Build.0 = Debug|Any CPU
		{E4CC7E6D-CA67-317D-7CB7-E72EB02025EF}.Release|Any CPU.ActiveCfg = Release|Any CPU
		{E4CC7E6D-CA67-317D-7CB7-E72EB02025EF}.Release|Any CPU.Build.0 = Release|Any CPU
	EndGlobalSection
	GlobalSection(SolutionProperties) = preSolution
		HideSolutionNode = FALSE
	EndGlobalSection
EndGlobal
