
Microsoft Visual Studio Solution File, Format Version 12.00
# Visual Studio 2015
Project("{FAE04EC0-301F-11D3-BF4B-00C04F79EFBC}") = "serious-game-cinematique-dev.CSharp", "serious-game-cinematique-dev.CSharp.csproj", "{DD8DE2DC-A832-9486-700B-4A61CD1912B4}"
EndProject
Global
	GlobalSection(SolutionConfigurationPlatforms) = preSolution
		Debug|Any CPU = Debug|Any CPU
		Release|Any CPU = Release|Any CPU
	EndGlobalSection
	GlobalSection(ProjectConfigurationPlatforms) = postSolution
		{DD8DE2DC-A832-9486-700B-4A61CD1912B4}.Debug|Any CPU.ActiveCfg = Debug|Any CPU
		{DD8DE2DC-A832-9486-700B-4A61CD1912B4}.Debug|Any CPU.Build.0 = Debug|Any CPU
		{DD8DE2DC-A832-9486-700B-4A61CD1912B4}.Release|Any CPU.ActiveCfg = Release|Any CPU
		{DD8DE2DC-A832-9486-700B-4A61CD1912B4}.Release|Any CPU.Build.0 = Release|Any CPU
	EndGlobalSection
	GlobalSection(SolutionProperties) = preSolution
		HideSolutionNode = FALSE
	EndGlobalSection
EndGlobal
